// !$*UTF8*$!
{
	archiveVersion = 1;
	classes = {
	};
	objectVersion = 46;
	objects = {

/* Begin PBXBuildFile section */
		8407FF251E789F4C0028202E /* TopTableViewController.m in Sources */ = {isa = PBXBuildFile; fileRef = 8407FF241E789F4C0028202E /* TopTableViewController.m */; };
		8407FF281E789F8F0028202E /* InputTableViewController.m in Sources */ = {isa = PBXBuildFile; fileRef = 8407FF271E789F8F0028202E /* InputTableViewController.m */; };
		8407FF2B1E789FA90028202E /* ItemListTableViewController.m in Sources */ = {isa = PBXBuildFile; fileRef = 8407FF2A1E789FA90028202E /* ItemListTableViewController.m */; };
		8407FF361E78EACE0028202E /* Product.m in Sources */ = {isa = PBXBuildFile; fileRef = 8407FF2D1E78EACE0028202E /* Product.m */; };
		8407FF371E78EACE0028202E /* Food.m in Sources */ = {isa = PBXBuildFile; fileRef = 8407FF2F1E78EACE0028202E /* Food.m */; };
		8407FF381E78EACE0028202E /* Drink.m in Sources */ = {isa = PBXBuildFile; fileRef = 8407FF311E78EACE0028202E /* Drink.m */; };
		8407FF391E78EACE0028202E /* Cloth.m in Sources */ = {isa = PBXBuildFile; fileRef = 8407FF331E78EACE0028202E /* Cloth.m */; };
		8407FF3A1E78EACE0028202E /* Material.m in Sources */ = {isa = PBXBuildFile; fileRef = 8407FF351E78EACE0028202E /* Material.m */; };
		8407FF3E1E78EC360028202E /* InputTableViewCell.m in Sources */ = {isa = PBXBuildFile; fileRef = 8407FF3D1E78EC360028202E /* InputTableViewCell.m */; };
		8407FF471E79FFA20028202E /* FoodItemTableViewCell.m in Sources */ = {isa = PBXBuildFile; fileRef = 8407FF401E79FFA20028202E /* FoodItemTableViewCell.m */; };
		8407FF481E79FFA20028202E /* DrinkItemTableViewCell.m in Sources */ = {isa = PBXBuildFile; fileRef = 8407FF421E79FFA20028202E /* DrinkItemTableViewCell.m */; };
		8407FF491E79FFA20028202E /* ClothItemTableViewCell.m in Sources */ = {isa = PBXBuildFile; fileRef = 8407FF441E79FFA20028202E /* ClothItemTableViewCell.m */; };
		8407FF4A1E79FFA20028202E /* ItemHeaderTableViewCell.m in Sources */ = {isa = PBXBuildFile; fileRef = 8407FF461E79FFA20028202E /* ItemHeaderTableViewCell.m */; };
		8465639E1E7DCB1900AB662F /* NavigationController.m in Sources */ = {isa = PBXBuildFile; fileRef = 8465639C1E7DCB1900AB662F /* NavigationController.m */; };
		8465639F1E7DCB1900AB662F /* NavigationController.xib in Resources */ = {isa = PBXBuildFile; fileRef = 8465639D1E7DCB1900AB662F /* NavigationController.xib */; };
		84EC333A1E77A68E00BE5395 /* main.m in Sources */ = {isa = PBXBuildFile; fileRef = 84EC33391E77A68E00BE5395 /* main.m */; };
		84EC333D1E77A68E00BE5395 /* AppDelegate.m in Sources */ = {isa = PBXBuildFile; fileRef = 84EC333C1E77A68E00BE5395 /* AppDelegate.m */; };
		84EC33431E77A68E00BE5395 /* Main.storyboard in Resources */ = {isa = PBXBuildFile; fileRef = 84EC33411E77A68E00BE5395 /* Main.storyboard */; };
		84EC33451E77A68E00BE5395 /* Assets.xcassets in Resources */ = {isa = PBXBuildFile; fileRef = 84EC33441E77A68E00BE5395 /* Assets.xcassets */; };
		84EC33481E77A68E00BE5395 /* LaunchScreen.storyboard in Resources */ = {isa = PBXBuildFile; fileRef = 84EC33461E77A68E00BE5395 /* LaunchScreen.storyboard */; };
/* End PBXBuildFile section */

/* Begin PBXFileReference section */
		8407FF231E789F4C0028202E /* TopTableViewController.h */ = {isa = PBXFileReference; fileEncoding = 4; lastKnownFileType = sourcecode.c.h; path = TopTableViewController.h; sourceTree = "<group>"; };
		8407FF241E789F4C0028202E /* TopTableViewController.m */ = {isa = PBXFileReference; fileEncoding = 4; lastKnownFileType = sourcecode.c.objc; path = TopTableViewController.m; sourceTree = "<group>"; };
		8407FF261E789F8F0028202E /* InputTableViewController.h */ = {isa = PBXFileReference; fileEncoding = 4; lastKnownFileType = sourcecode.c.h; path = InputTableViewController.h; sourceTree = "<group>"; };
		8407FF271E789F8F0028202E /* InputTableViewController.m */ = {isa = PBXFileReference; fileEncoding = 4; lastKnownFileType = sourcecode.c.objc; path = InputTableViewController.m; sourceTree = "<group>"; };
		8407FF291E789FA90028202E /* ItemListTableViewController.h */ = {isa = PBXFileReference; fileEncoding = 4; lastKnownFileType = sourcecode.c.h; path = ItemListTableViewController.h; sourceTree = "<group>"; };
		8407FF2A1E789FA90028202E /* ItemListTableViewController.m */ = {isa = PBXFileReference; fileEncoding = 4; lastKnownFileType = sourcecode.c.objc; path = ItemListTableViewController.m; sourceTree = "<group>"; };
		8407FF2C1E78EACE0028202E /* Product.h */ = {isa = PBXFileReference; fileEncoding = 4; lastKnownFileType = sourcecode.c.h; path = Product.h; sourceTree = "<group>"; };
		8407FF2D1E78EACE0028202E /* Product.m */ = {isa = PBXFileReference; fileEncoding = 4; lastKnownFileType = sourcecode.c.objc; path = Product.m; sourceTree = "<group>"; };
		8407FF2E1E78EACE0028202E /* Food.h */ = {isa = PBXFileReference; fileEncoding = 4; lastKnownFileType = sourcecode.c.h; path = Food.h; sourceTree = "<group>"; };
		8407FF2F1E78EACE0028202E /* Food.m */ = {isa = PBXFileReference; fileEncoding = 4; lastKnownFileType = sourcecode.c.objc; path = Food.m; sourceTree = "<group>"; };
		8407FF301E78EACE0028202E /* Drink.h */ = {isa = PBXFileReference; fileEncoding = 4; lastKnownFileType = sourcecode.c.h; path = Drink.h; sourceTree = "<group>"; };
		8407FF311E78EACE0028202E /* Drink.m */ = {isa = PBXFileReference; fileEncoding = 4; lastKnownFileType = sourcecode.c.objc; path = Drink.m; sourceTree = "<group>"; };
		8407FF321E78EACE0028202E /* Cloth.h */ = {isa = PBXFileReference; fileEncoding = 4; lastKnownFileType = sourcecode.c.h; path = Cloth.h; sourceTree = "<group>"; };
		8407FF331E78EACE0028202E /* Cloth.m */ = {isa = PBXFileReference; fileEncoding = 4; lastKnownFileType = sourcecode.c.objc; path = Cloth.m; sourceTree = "<group>"; };
		8407FF341E78EACE0028202E /* Material.h */ = {isa = PBXFileReference; fileEncoding = 4; lastKnownFileType = sourcecode.c.h; path = Material.h; sourceTree = "<group>"; };
		8407FF351E78EACE0028202E /* Material.m */ = {isa = PBXFileReference; fileEncoding = 4; lastKnownFileType = sourcecode.c.objc; path = Material.m; sourceTree = "<group>"; };
		8407FF3C1E78EC360028202E /* InputTableViewCell.h */ = {isa = PBXFileReference; fileEncoding = 4; lastKnownFileType = sourcecode.c.h; path = InputTableViewCell.h; sourceTree = "<group>"; };
		8407FF3D1E78EC360028202E /* InputTableViewCell.m */ = {isa = PBXFileReference; fileEncoding = 4; lastKnownFileType = sourcecode.c.objc; path = InputTableViewCell.m; sourceTree = "<group>"; };
		8407FF3F1E79FFA20028202E /* FoodItemTableViewCell.h */ = {isa = PBXFileReference; fileEncoding = 4; lastKnownFileType = sourcecode.c.h; path = FoodItemTableViewCell.h; sourceTree = "<group>"; };
		8407FF401E79FFA20028202E /* FoodItemTableViewCell.m */ = {isa = PBXFileReference; fileEncoding = 4; lastKnownFileType = sourcecode.c.objc; path = FoodItemTableViewCell.m; sourceTree = "<group>"; };
		8407FF411E79FFA20028202E /* DrinkItemTableViewCell.h */ = {isa = PBXFileReference; fileEncoding = 4; lastKnownFileType = sourcecode.c.h; path = DrinkItemTableViewCell.h; sourceTree = "<group>"; };
		8407FF421E79FFA20028202E /* DrinkItemTableViewCell.m */ = {isa = PBXFileReference; fileEncoding = 4; lastKnownFileType = sourcecode.c.objc; path = DrinkItemTableViewCell.m; sourceTree = "<group>"; };
		8407FF431E79FFA20028202E /* ClothItemTableViewCell.h */ = {isa = PBXFileReference; fileEncoding = 4; lastKnownFileType = sourcecode.c.h; path = ClothItemTableViewCell.h; sourceTree = "<group>"; };
		8407FF441E79FFA20028202E /* ClothItemTableViewCell.m */ = {isa = PBXFileReference; fileEncoding = 4; lastKnownFileType = sourcecode.c.objc; path = ClothItemTableViewCell.m; sourceTree = "<group>"; };
		8407FF451E79FFA20028202E /* ItemHeaderTableViewCell.h */ = {isa = PBXFileReference; fileEncoding = 4; lastKnownFileType = sourcecode.c.h; path = ItemHeaderTableViewCell.h; sourceTree = "<group>"; };
		8407FF461E79FFA20028202E /* ItemHeaderTableViewCell.m */ = {isa = PBXFileReference; fileEncoding = 4; lastKnownFileType = sourcecode.c.objc; path = ItemHeaderTableViewCell.m; sourceTree = "<group>"; };
		8465639B1E7DCB1900AB662F /* NavigationController.h */ = {isa = PBXFileReference; fileEncoding = 4; lastKnownFileType = sourcecode.c.h; path = NavigationController.h; sourceTree = "<group>"; };
		8465639C1E7DCB1900AB662F /* NavigationController.m */ = {isa = PBXFileReference; fileEncoding = 4; lastKnownFileType = sourcecode.c.objc; path = NavigationController.m; sourceTree = "<group>"; };
		8465639D1E7DCB1900AB662F /* NavigationController.xib */ = {isa = PBXFileReference; fileEncoding = 4; lastKnownFileType = file.xib; path = NavigationController.xib; sourceTree = "<group>"; };
		84EC33351E77A68E00BE5395 /* PassingData2.app */ = {isa = PBXFileReference; explicitFileType = wrapper.application; includeInIndex = 0; path = PassingData2.app; sourceTree = BUILT_PRODUCTS_DIR; };
		84EC33391E77A68E00BE5395 /* main.m */ = {isa = PBXFileReference; lastKnownFileType = sourcecode.c.objc; path = main.m; sourceTree = "<group>"; };
		84EC333B1E77A68E00BE5395 /* AppDelegate.h */ = {isa = PBXFileReference; lastKnownFileType = sourcecode.c.h; path = AppDelegate.h; sourceTree = "<group>"; };
		84EC333C1E77A68E00BE5395 /* AppDelegate.m */ = {isa = PBXFileReference; lastKnownFileType = sourcecode.c.objc; path = AppDelegate.m; sourceTree = "<group>"; };
		84EC33421E77A68E00BE5395 /* Base */ = {isa = PBXFileReference; lastKnownFileType = file.storyboard; name = Base; path = Base.lproj/Main.storyboard; sourceTree = "<group>"; };
		84EC33441E77A68E00BE5395 /* Assets.xcassets */ = {isa = PBXFileReference; lastKnownFileType = folder.assetcatalog; path = Assets.xcassets; sourceTree = "<group>"; };
		84EC33471E77A68E00BE5395 /* Base */ = {isa = PBXFileReference; lastKnownFileType = file.storyboard; name = Base; path = Base.lproj/LaunchScreen.storyboard; sourceTree = "<group>"; };
		84EC33491E77A68E00BE5395 /* Info.plist */ = {isa = PBXFileReference; lastKnownFileType = text.plist.xml; path = Info.plist; sourceTree = "<group>"; };
/* End PBXFileReference section */

/* Begin PBXFrameworksBuildPhase section */
		84EC33321E77A68D00BE5395 /* Frameworks */ = {
			isa = PBXFrameworksBuildPhase;
			buildActionMask = 2147483647;
			files = (
			);
			runOnlyForDeploymentPostprocessing = 0;
		};
/* End PBXFrameworksBuildPhase section */

/* Begin PBXGroup section */
		8407FF3B1E78EADA0028202E /* Classes */ = {
			isa = PBXGroup;
			children = (
				8407FF2C1E78EACE0028202E /* Product.h */,
				8407FF2D1E78EACE0028202E /* Product.m */,
				8407FF2E1E78EACE0028202E /* Food.h */,
				8407FF2F1E78EACE0028202E /* Food.m */,
				8407FF301E78EACE0028202E /* Drink.h */,
				8407FF311E78EACE0028202E /* Drink.m */,
				8407FF321E78EACE0028202E /* Cloth.h */,
				8407FF331E78EACE0028202E /* Cloth.m */,
				8407FF341E78EACE0028202E /* Material.h */,
				8407FF351E78EACE0028202E /* Material.m */,
			);
			name = Classes;
			sourceTree = "<group>";
		};
		8407FF4B1E79FFB10028202E /* Cells */ = {
			isa = PBXGroup;
			children = (
				8407FF3F1E79FFA20028202E /* FoodItemTableViewCell.h */,
				8407FF401E79FFA20028202E /* FoodItemTableViewCell.m */,
				8407FF411E79FFA20028202E /* DrinkItemTableViewCell.h */,
				8407FF421E79FFA20028202E /* DrinkItemTableViewCell.m */,
				8407FF431E79FFA20028202E /* ClothItemTableViewCell.h */,
				8407FF441E79FFA20028202E /* ClothItemTableViewCell.m */,
				8407FF451E79FFA20028202E /* ItemHeaderTableViewCell.h */,
				8407FF461E79FFA20028202E /* ItemHeaderTableViewCell.m */,
				8407FF3C1E78EC360028202E /* InputTableViewCell.h */,
				8407FF3D1E78EC360028202E /* InputTableViewCell.m */,
			);
			name = Cells;
			sourceTree = "<group>";
		};
		84EC332C1E77A68C00BE5395 = {
			isa = PBXGroup;
			children = (
				84EC33371E77A68E00BE5395 /* PassingData2 */,
				84EC33361E77A68E00BE5395 /* Products */,
			);
			sourceTree = "<group>";
		};
		84EC33361E77A68E00BE5395 /* Products */ = {
			isa = PBXGroup;
			children = (
				84EC33351E77A68E00BE5395 /* PassingData2.app */,
			);
			name = Products;
			sourceTree = "<group>";
		};
		84EC33371E77A68E00BE5395 /* PassingData2 */ = {
			isa = PBXGroup;
			children = (
				84EC33411E77A68E00BE5395 /* Main.storyboard */,
				8465639B1E7DCB1900AB662F /* NavigationController.h */,
				8465639C1E7DCB1900AB662F /* NavigationController.m */,
				8465639D1E7DCB1900AB662F /* NavigationController.xib */,
				8407FF231E789F4C0028202E /* TopTableViewController.h */,
				8407FF241E789F4C0028202E /* TopTableViewController.m */,
				8407FF261E789F8F0028202E /* InputTableViewController.h */,
				8407FF271E789F8F0028202E /* InputTableViewController.m */,
				8407FF291E789FA90028202E /* ItemListTableViewController.h */,
				8407FF2A1E789FA90028202E /* ItemListTableViewController.m */,
				84EC33381E77A68E00BE5395 /* Supporting Files */,
			);
			path = PassingData2;
			sourceTree = "<group>";
		};
		84EC33381E77A68E00BE5395 /* Supporting Files */ = {
			isa = PBXGroup;
			children = (
				84EC333B1E77A68E00BE5395 /* AppDelegate.h */,
				84EC333C1E77A68E00BE5395 /* AppDelegate.m */,
				84EC33441E77A68E00BE5395 /* Assets.xcassets */,
				84EC33461E77A68E00BE5395 /* LaunchScreen.storyboard */,
				84EC33491E77A68E00BE5395 /* Info.plist */,
				8407FF4B1E79FFB10028202E /* Cells */,
				8407FF3B1E78EADA0028202E /* Classes */,
				84EC33391E77A68E00BE5395 /* main.m */,
			);
			name = "Supporting Files";
			sourceTree = "<group>";
		};
/* End PBXGroup section */

/* Begin PBXNativeTarget section */
		84EC33341E77A68D00BE5395 /* PassingData2 */ = {
			isa = PBXNativeTarget;
			buildConfigurationList = 84EC334C1E77A68E00BE5395 /* Build configuration list for PBXNativeTarget "PassingData2" */;
			buildPhases = (
				84EC33311E77A68D00BE5395 /* Sources */,
				84EC33321E77A68D00BE5395 /* Frameworks */,
				84EC33331E77A68D00BE5395 /* Resources */,
			);
			buildRules = (
			);
			dependencies = (
			);
			name = PassingData2;
			productName = PassingData2;
			productReference = 84EC33351E77A68E00BE5395 /* PassingData2.app */;
			productType = "com.apple.product-type.application";
		};
/* End PBXNativeTarget section */

/* Begin PBXProject section */
		84EC332D1E77A68C00BE5395 /* Project object */ = {
			isa = PBXProject;
			attributes = {
				KnownAssetTags = (
					MainStoryboard,
				);
				LastUpgradeCheck = 0820;
				ORGANIZATIONNAME = CICCC;
				TargetAttributes = {
					84EC33341E77A68D00BE5395 = {
						CreatedOnToolsVersion = 8.2.1;
						ProvisioningStyle = Automatic;
					};
				};
			};
			buildConfigurationList = 84EC33301E77A68C00BE5395 /* Build configuration list for PBXProject "PassingData2" */;
			compatibilityVersion = "Xcode 3.2";
			developmentRegion = English;
			hasScannedForEncodings = 0;
			knownRegions = (
				en,
				Base,
			);
			mainGroup = 84EC332C1E77A68C00BE5395;
			productRefGroup = 84EC33361E77A68E00BE5395 /* Products */;
			projectDirPath = "";
			projectRoot = "";
			targets = (
				84EC33341E77A68D00BE5395 /* PassingData2 */,
			);
		};
/* End PBXProject section */

/* Begin PBXResourcesBuildPhase section */
		84EC33331E77A68D00BE5395 /* Resources */ = {
			isa = PBXResourcesBuildPhase;
			buildActionMask = 2147483647;
			files = (
				84EC33481E77A68E00BE5395 /* LaunchScreen.storyboard in Resources */,
				8465639F1E7DCB1900AB662F /* NavigationController.xib in Resources */,
				84EC33451E77A68E00BE5395 /* Assets.xcassets in Resources */,
				84EC33431E77A68E00BE5395 /* Main.storyboard in Resources */,
			);
			runOnlyForDeploymentPostprocessing = 0;
		};
/* End PBXResourcesBuildPhase section */

/* Begin PBXSourcesBuildPhase section */
		84EC33311E77A68D00BE5395 /* Sources */ = {
			isa = PBXSourcesBuildPhase;
			buildActionMask = 2147483647;
			files = (
				8407FF3A1E78EACE0028202E /* Material.m in Sources */,
				8407FF371E78EACE0028202E /* Food.m in Sources */,
				8407FF251E789F4C0028202E /* TopTableViewController.m in Sources */,
				8407FF2B1E789FA90028202E /* ItemListTableViewController.m in Sources */,
				8407FF391E78EACE0028202E /* Cloth.m in Sources */,
				8465639E1E7DCB1900AB662F /* NavigationController.m in Sources */,
				8407FF3E1E78EC360028202E /* InputTableViewCell.m in Sources */,
				84EC333D1E77A68E00BE5395 /* AppDelegate.m in Sources */,
				8407FF381E78EACE0028202E /* Drink.m in Sources */,
				8407FF4A1E79FFA20028202E /* ItemHeaderTableViewCell.m in Sources */,
				8407FF361E78EACE0028202E /* Product.m in Sources */,
				8407FF481E79FFA20028202E /* DrinkItemTableViewCell.m in Sources */,
				8407FF281E789F8F0028202E /* InputTableViewController.m in Sources */,
				8407FF471E79FFA20028202E /* FoodItemTableViewCell.m in Sources */,
				84EC333A1E77A68E00BE5395 /* main.m in Sources */,
				8407FF491E79FFA20028202E /* ClothItemTableViewCell.m in Sources */,
			);
			runOnlyForDeploymentPostprocessing = 0;
		};
/* End PBXSourcesBuildPhase section */

/* Begin PBXVariantGroup section */
		84EC33411E77A68E00BE5395 /* Main.storyboard */ = {
			isa = PBXVariantGroup;
			children = (
				84EC33421E77A68E00BE5395 /* Base */,
			);
			name = Main.storyboard;
			sourceTree = "<group>";
		};
		84EC33461E77A68E00BE5395 /* LaunchScreen.storyboard */ = {
			isa = PBXVariantGroup;
			children = (
				84EC33471E77A68E00BE5395 /* Base */,
			);
			name = LaunchScreen.storyboard;
			sourceTree = "<group>";
		};
/* End PBXVariantGroup section */

/* Begin XCBuildConfiguration section */
		84EC334A1E77A68E00BE5395 /* Debug */ = {
			isa = XCBuildConfiguration;
			buildSettings = {
				ALWAYS_SEARCH_USER_PATHS = NO;
				CLANG_ANALYZER_NONNULL = YES;
				CLANG_CXX_LANGUAGE_STANDARD = "gnu++0x";
				CLANG_CXX_LIBRARY = "libc++";
				CLANG_ENABLE_MODULES = YES;
				CLANG_ENABLE_OBJC_ARC = YES;
				CLANG_WARN_BOOL_CONVERSION = YES;
				CLANG_WARN_CONSTANT_CONVERSION = YES;
				CLANG_WARN_DIRECT_OBJC_ISA_USAGE = YES_ERROR;
				CLANG_WARN_DOCUMENTATION_COMMENTS = YES;
				CLANG_WARN_EMPTY_BODY = YES;
				CLANG_WARN_ENUM_CONVERSION = YES;
				CLANG_WARN_INFINITE_RECURSION = YES;
				CLANG_WARN_INT_CONVERSION = YES;
				CLANG_WARN_OBJC_ROOT_CLASS = YES_ERROR;
				CLANG_WARN_SUSPICIOUS_MOVE = YES;
				CLANG_WARN_UNREACHABLE_CODE = YES;
				CLANG_WARN__DUPLICATE_METHOD_MATCH = YES;
				"CODE_SIGN_IDENTITY[sdk=iphoneos*]" = "iPhone Developer";
				COPY_PHASE_STRIP = NO;
				DEBUG_INFORMATION_FORMAT = dwarf;
				ENABLE_STRICT_OBJC_MSGSEND = YES;
				ENABLE_TESTABILITY = YES;
				GCC_C_LANGUAGE_STANDARD = gnu99;
				GCC_DYNAMIC_NO_PIC = NO;
				GCC_NO_COMMON_BLOCKS = YES;
				GCC_OPTIMIZATION_LEVEL = 0;
				GCC_PREPROCESSOR_DEFINITIONS = (
					"DEBUG=1",
					"$(inherited)",
				);
				GCC_WARN_64_TO_32_BIT_CONVERSION = YES;
				GCC_WARN_ABOUT_RETURN_TYPE = YES_ERROR;
				GCC_WARN_UNDECLARED_SELECTOR = YES;
				GCC_WARN_UNINITIALIZED_AUTOS = YES_AGGRESSIVE;
				GCC_WARN_UNUSED_FUNCTION = YES;
				GCC_WARN_UNUSED_VARIABLE = YES;
				IPHONEOS_DEPLOYMENT_TARGET = 10.2;
				MTL_ENABLE_DEBUG_INFO = YES;
				ONLY_ACTIVE_ARCH = YES;
				SDKROOT = iphoneos;
			};
			name = Debug;
		};
		84EC334B1E77A68E00BE5395 /* Release */ = {
			isa = XCBuildConfiguration;
			buildSettings = {
				ALWAYS_SEARCH_USER_PATHS = NO;
				CLANG_ANALYZER_NONNULL = YES;
				CLANG_CXX_LANGUAGE_STANDARD = "gnu++0x";
				CLANG_CXX_LIBRARY = "libc++";
				CLANG_ENABLE_MODULES = YES;
				CLANG_ENABLE_OBJC_ARC = YES;
				CLANG_WARN_BOOL_CONVERSION = YES;
				CLANG_WARN_CONSTANT_CONVERSION = YES;
				CLANG_WARN_DIRECT_OBJC_ISA_USAGE = YES_ERROR;
				CLANG_WARN_DOCUMENTATION_COMMENTS = YES;
				CLANG_WARN_EMPTY_BODY = YES;
				CLANG_WARN_ENUM_CONVERSION = YES;
				CLANG_WARN_INFINITE_RECURSION = YES;
				CLANG_WARN_INT_CONVERSION = YES;
				CLANG_WARN_OBJC_ROOT_CLASS = YES_ERROR;
				CLANG_WARN_SUSPICIOUS_MOVE = YES;
				CLANG_WARN_UNREACHABLE_CODE = YES;
				CLANG_WARN__DUPLICATE_METHOD_MATCH = YES;
				"CODE_SIGN_IDENTITY[sdk=iphoneos*]" = "iPhone Developer";
				COPY_PHASE_STRIP = NO;
				DEBUG_INFORMATION_FORMAT = "dwarf-with-dsym";
				ENABLE_NS_ASSERTIONS = NO;
				ENABLE_STRICT_OBJC_MSGSEND = YES;
				GCC_C_LANGUAGE_STANDARD = gnu99;
				GCC_NO_COMMON_BLOCKS = YES;
				GCC_WARN_64_TO_32_BIT_CONVERSION = YES;
				GCC_WARN_ABOUT_RETURN_TYPE = YES_ERROR;
				GCC_WARN_UNDECLARED_SELECTOR = YES;
				GCC_WARN_UNINITIALIZED_AUTOS = YES_AGGRESSIVE;
				GCC_WARN_UNUSED_FUNCTION = YES;
				GCC_WARN_UNUSED_VARIABLE = YES;
				IPHONEOS_DEPLOYMENT_TARGET = 10.2;
				MTL_ENABLE_DEBUG_INFO = NO;
				SDKROOT = iphoneos;
				VALIDATE_PRODUCT = YES;
			};
			name = Release;
		};
		84EC334D1E77A68E00BE5395 /* Debug */ = {
			isa = XCBuildConfiguration;
			buildSettings = {
				ASSETCATALOG_COMPILER_APPICON_NAME = AppIcon;
				INFOPLIST_FILE = PassingData2/Info.plist;
				LD_RUNPATH_SEARCH_PATHS = "$(inherited) @executable_path/Frameworks";
				PRODUCT_BUNDLE_IDENTIFIER = ca.CICCC.PassingData2;
				PRODUCT_NAME = "$(TARGET_NAME)";
			};
			name = Debug;
		};
		84EC334E1E77A68E00BE5395 /* Release */ = {
			isa = XCBuildConfiguration;
			buildSettings = {
				ASSETCATALOG_COMPILER_APPICON_NAME = AppIcon;
				INFOPLIST_FILE = PassingData2/Info.plist;
				LD_RUNPATH_SEARCH_PATHS = "$(inherited) @executable_path/Frameworks";
				PRODUCT_BUNDLE_IDENTIFIER = ca.CICCC.PassingData2;
				PRODUCT_NAME = "$(TARGET_NAME)";
			};
			name = Release;
		};
/* End XCBuildConfiguration section */

/* Begin XCConfigurationList section */
		84EC33301E77A68C00BE5395 /* Build configuration list for PBXProject "PassingData2" */ = {
			isa = XCConfigurationList;
			buildConfigurations = (
				84EC334A1E77A68E00BE5395 /* Debug */,
				84EC334B1E77A68E00BE5395 /* Release */,
			);
			defaultConfigurationIsVisible = 0;
			defaultConfigurationName = Release;
		};
		84EC334C1E77A68E00BE5395 /* Build configuration list for PBXNativeTarget "PassingData2" */ = {
			isa = XCConfigurationList;
			buildConfigurations = (
				84EC334D1E77A68E00BE5395 /* Debug */,
				84EC334E1E77A68E00BE5395 /* Release */,
			);
			defaultConfigurationIsVisible = 0;
			defaultConfigurationName = Release;
		};
/* End XCConfigurationList section */
	};
	rootObject = 84EC332D1E77A68C00BE5395 /* Project object */;
}
